
Microsoft Visual Studio Solution File, Format Version 12.00
# Visual Studio Version 17
VisualStudioVersion = 17.11.35303.130
MinimumVisualStudioVersion = 10.0.40219.1
Project("{FAE04EC0-301F-11D3-BF4B-00C04F79EFBC}") = "CollisionProbabilityCalculator", "CollisionProbabilityCalculator\CollisionProbabilityCalculator.csproj", "{720DB296-0308-4DA7-811D-BDD105E95130}"
EndProject
Global
	GlobalSection(SolutionConfigurationPlatforms) = preSolution
		Debug|Any CPU = Debug|Any CPU
		Release|Any CPU = Release|Any CPU
	EndGlobalSection
	GlobalSection(ProjectConfigurationPlatforms) = postSolution
		{720DB296-0308-4DA7-811D-BDD105E95130}.Debug|Any CPU.ActiveCfg = Debug|Any CPU
		{720DB296-0308-4DA7-811D-BDD105E95130}.Debug|Any CPU.Build.0 = Debug|Any CPU
		{720DB296-0308-4DA7-811D-BDD105E95130}.Release|Any CPU.ActiveCfg = Release|Any CPU
		{720DB296-0308-4DA7-811D-BDD105E95130}.Release|Any CPU.Build.0 = Release|Any CPU
	EndGlobalSection
	GlobalSection(SolutionProperties) = preSolution
		HideSolutionNode = FALSE
	EndGlobalSection
	GlobalSection(ExtensibilityGlobals) = postSolution
		SolutionGuid = {42C54091-FEA0-4A74-AF27-6F2E98C12D4B}
	EndGlobalSection
EndGlobal
